
Microsoft Visual Studio Solution File, Format Version 12.00
# Visual Studio Version 16
VisualStudioVersion = 16.0.28803.352
MinimumVisualStudioVersion = 10.0.40219.1
Project("{FAE04EC0-301F-11D3-BF4B-00C04F79EFBC}") = "ElasticsearchLog", "ElasticsearchLog\ElasticsearchLog.csproj", "{917F722B-DB69-4EB5-A78E-F8E282D118CC}"
EndProject
Global
	GlobalSection(SolutionConfigurationPlatforms) = preSolution
		Debug|Any CPU = Debug|Any CPU
		Release|Any CPU = Release|Any CPU
	EndGlobalSection
	GlobalSection(ProjectConfigurationPlatforms) = postSolution
		{917F722B-DB69-4EB5-A78E-F8E282D118CC}.Debug|Any CPU.ActiveCfg = Debug|Any CPU
		{917F722B-DB69-4EB5-A78E-F8E282D118CC}.Debug|Any CPU.Build.0 = Debug|Any CPU
		{917F722B-DB69-4EB5-A78E-F8E282D118CC}.Release|Any CPU.ActiveCfg = Release|Any CPU
		{917F722B-DB69-4EB5-A78E-F8E282D118CC}.Release|Any CPU.Build.0 = Release|Any CPU
	EndGlobalSection
	GlobalSection(SolutionProperties) = preSolution
		HideSolutionNode = FALSE
	EndGlobalSection
	GlobalSection(ExtensibilityGlobals) = postSolution
		SolutionGuid = {EFEEC2B4-C1DF-4E05-9588-9BB776F6BC2D}
	EndGlobalSection
EndGlobal
